
Microsoft Visual Studio Solution File, Format Version 12.00
# Visual Studio Version 17
VisualStudioVersion = 17.4.33205.214
MinimumVisualStudioVersion = 10.0.40219.1
Project("{FAE04EC0-301F-11D3-BF4B-00C04F79EFBC}") = "Contest", "Contest.csproj", "{230D8C94-D25B-41C4-B4B5-5DE3D544FC96}"
EndProject
Global
	GlobalSection(SolutionConfigurationPlatforms) = preSolution
		Debug|Any CPU = Debug|Any CPU
		Release|Any CPU = Release|Any CPU
	EndGlobalSection
	GlobalSection(ProjectConfigurationPlatforms) = postSolution
		{230D8C94-D25B-41C4-B4B5-5DE3D544FC96}.Debug|Any CPU.ActiveCfg = Debug|Any CPU
		{230D8C94-D25B-41C4-B4B5-5DE3D544FC96}.Debug|Any CPU.Build.0 = Debug|Any CPU
		{230D8C94-D25B-41C4-B4B5-5DE3D544FC96}.Release|Any CPU.ActiveCfg = Release|Any CPU
		{230D8C94-D25B-41C4-B4B5-5DE3D544FC96}.Release|Any CPU.Build.0 = Release|Any CPU
	EndGlobalSection
	GlobalSection(SolutionProperties) = preSolution
		HideSolutionNode = FALSE
	EndGlobalSection
	GlobalSection(ExtensibilityGlobals) = postSolution
		SolutionGuid = {C13BFB4D-897F-4E91-A228-E115F51CF2D9}
	EndGlobalSection
EndGlobal
